
Microsoft Visual Studio Solution File, Format Version 12.00
# Visual Studio 15
VisualStudioVersion = 15.0.28307.329
MinimumVisualStudioVersion = 10.0.40219.1
Project("{FAE04EC0-301F-11D3-BF4B-00C04F79EFBC}") = "DocToTextConverter", "DocToTextConverter\DocToTextConverter.csproj", "{4216BC92-5CF9-4DD2-9261-CAD8A0369D1A}"
EndProject
Global
	GlobalSection(SolutionConfigurationPlatforms) = preSolution
		Debug|Any CPU = Debug|Any CPU
		Release|Any CPU = Release|Any CPU
	EndGlobalSection
	GlobalSection(ProjectConfigurationPlatforms) = postSolution
		{4216BC92-5CF9-4DD2-9261-CAD8A0369D1A}.Debug|Any CPU.ActiveCfg = Debug|Any CPU
		{4216BC92-5CF9-4DD2-9261-CAD8A0369D1A}.Debug|Any CPU.Build.0 = Debug|Any CPU
		{4216BC92-5CF9-4DD2-9261-CAD8A0369D1A}.Release|Any CPU.ActiveCfg = Release|Any CPU
		{4216BC92-5CF9-4DD2-9261-CAD8A0369D1A}.Release|Any CPU.Build.0 = Release|Any CPU
	EndGlobalSection
	GlobalSection(SolutionProperties) = preSolution
		HideSolutionNode = FALSE
	EndGlobalSection
	GlobalSection(ExtensibilityGlobals) = postSolution
		SolutionGuid = {FB3A7C72-39DF-4F27-A767-57E4AE9782B1}
	EndGlobalSection
EndGlobal
